
Microsoft Visual Studio Solution File, Format Version 12.00
# Visual Studio 14
VisualStudioVersion = 14.0.25420.1
MinimumVisualStudioVersion = 10.0.40219.1
Project("{FAE04EC0-301F-11D3-BF4B-00C04F79EFBC}") = "Ecom.Web", "Ecom.Web\Ecom.Web.csproj", "{233C74F7-7204-496F-8FE4-FB0EBF531522}"
EndProject
Project("{FAE04EC0-301F-11D3-BF4B-00C04F79EFBC}") = "Ecom.Models", "Ecom.Models\Ecom.Models.csproj", "{A847EA7A-7B67-43AA-8C33-9EE9857CCE15}"
EndProject
Project("{FAE04EC0-301F-11D3-BF4B-00C04F79EFBC}") = "Ecom.Database", "Ecom.Database\Ecom.Database.csproj", "{28C7A6F3-3A75-4D59-BBF6-1BD7C1DF3369}"
EndProject
Project("{FAE04EC0-301F-11D3-BF4B-00C04F79EFBC}") = "Ecom.Service", "Ecom.Service\Ecom.Service.csproj", "{3B252A64-693F-4EDF-A751-CFB6165AFD1C}"
EndProject
Global
	GlobalSection(SolutionConfigurationPlatforms) = preSolution
		Debug|Any CPU = Debug|Any CPU
		Release|Any CPU = Release|Any CPU
		Testing|Any CPU = Testing|Any CPU
	EndGlobalSection
	GlobalSection(ProjectConfigurationPlatforms) = postSolution
		{233C74F7-7204-496F-8FE4-FB0EBF531522}.Debug|Any CPU.ActiveCfg = Debug|Any CPU
		{233C74F7-7204-496F-8FE4-FB0EBF531522}.Debug|Any CPU.Build.0 = Debug|Any CPU
		{233C74F7-7204-496F-8FE4-FB0EBF531522}.Release|Any CPU.ActiveCfg = Release|Any CPU
		{233C74F7-7204-496F-8FE4-FB0EBF531522}.Release|Any CPU.Build.0 = Release|Any CPU
		{233C74F7-7204-496F-8FE4-FB0EBF531522}.Testing|Any CPU.ActiveCfg = Testing|Any CPU
		{233C74F7-7204-496F-8FE4-FB0EBF531522}.Testing|Any CPU.Build.0 = Testing|Any CPU
		{A847EA7A-7B67-43AA-8C33-9EE9857CCE15}.Debug|Any CPU.ActiveCfg = Debug|Any CPU
		{A847EA7A-7B67-43AA-8C33-9EE9857CCE15}.Debug|Any CPU.Build.0 = Debug|Any CPU
		{A847EA7A-7B67-43AA-8C33-9EE9857CCE15}.Release|Any CPU.ActiveCfg = Release|Any CPU
		{A847EA7A-7B67-43AA-8C33-9EE9857CCE15}.Release|Any CPU.Build.0 = Release|Any CPU
		{A847EA7A-7B67-43AA-8C33-9EE9857CCE15}.Testing|Any CPU.ActiveCfg = Testing|Any CPU
		{A847EA7A-7B67-43AA-8C33-9EE9857CCE15}.Testing|Any CPU.Build.0 = Testing|Any CPU
		{28C7A6F3-3A75-4D59-BBF6-1BD7C1DF3369}.Debug|Any CPU.ActiveCfg = Debug|Any CPU
		{28C7A6F3-3A75-4D59-BBF6-1BD7C1DF3369}.Debug|Any CPU.Build.0 = Debug|Any CPU
		{28C7A6F3-3A75-4D59-BBF6-1BD7C1DF3369}.Release|Any CPU.ActiveCfg = Release|Any CPU
		{28C7A6F3-3A75-4D59-BBF6-1BD7C1DF3369}.Release|Any CPU.Build.0 = Release|Any CPU
		{28C7A6F3-3A75-4D59-BBF6-1BD7C1DF3369}.Testing|Any CPU.ActiveCfg = Testing|Any CPU
		{28C7A6F3-3A75-4D59-BBF6-1BD7C1DF3369}.Testing|Any CPU.Build.0 = Testing|Any CPU
		{3B252A64-693F-4EDF-A751-CFB6165AFD1C}.Debug|Any CPU.ActiveCfg = Debug|Any CPU
		{3B252A64-693F-4EDF-A751-CFB6165AFD1C}.Debug|Any CPU.Build.0 = Debug|Any CPU
		{3B252A64-693F-4EDF-A751-CFB6165AFD1C}.Release|Any CPU.ActiveCfg = Release|Any CPU
		{3B252A64-693F-4EDF-A751-CFB6165AFD1C}.Release|Any CPU.Build.0 = Release|Any CPU
		{3B252A64-693F-4EDF-A751-CFB6165AFD1C}.Testing|Any CPU.ActiveCfg = Testing|Any CPU
		{3B252A64-693F-4EDF-A751-CFB6165AFD1C}.Testing|Any CPU.Build.0 = Testing|Any CPU
	EndGlobalSection
	GlobalSection(SolutionProperties) = preSolution
		HideSolutionNode = FALSE
	EndGlobalSection
EndGlobal
